
Microsoft Visual Studio Solution File, Format Version 12.00
# Visual Studio Version 16
VisualStudioVersion = 16.0.31613.86
MinimumVisualStudioVersion = 10.0.40219.1
Project("{9092AA53-FB77-4645-B42D-1CCCA6BD08BD}") = "NodejsWebApp1", "NodejsWebApp1\NodejsWebApp1.njsproj", "{1C8ADEFC-1CF9-468D-8787-AD627B970F23}"
EndProject
Global
	GlobalSection(SolutionConfigurationPlatforms) = preSolution
		Debug|Any CPU = Debug|Any CPU
		Release|Any CPU = Release|Any CPU
	EndGlobalSection
	GlobalSection(ProjectConfigurationPlatforms) = postSolution
		{1C8ADEFC-1CF9-468D-8787-AD627B970F23}.Debug|Any CPU.ActiveCfg = Debug|Any CPU
		{1C8ADEFC-1CF9-468D-8787-AD627B970F23}.Debug|Any CPU.Build.0 = Debug|Any CPU
		{1C8ADEFC-1CF9-468D-8787-AD627B970F23}.Release|Any CPU.ActiveCfg = Release|Any CPU
		{1C8ADEFC-1CF9-468D-8787-AD627B970F23}.Release|Any CPU.Build.0 = Release|Any CPU
	EndGlobalSection
	GlobalSection(SolutionProperties) = preSolution
		HideSolutionNode = FALSE
	EndGlobalSection
	GlobalSection(ExtensibilityGlobals) = postSolution
		SolutionGuid = {017CC7E7-0716-437E-8138-72DDA5F8437D}
	EndGlobalSection
EndGlobal
